
Microsoft Visual Studio Solution File, Format Version 12.00
# Visual Studio Version 17
VisualStudioVersion = 17.14.36623.8 d17.14
MinimumVisualStudioVersion = 10.0.40219.1
Project("{FAE04EC0-301F-11D3-BF4B-00C04F79EFBC}") = "ResumeProjectDemoNight", "ResumeProjectDemoNight.csproj", "{A0782E27-F3A1-4A90-A52D-B5CA749AACDC}"
EndProject
Global
	GlobalSection(SolutionConfigurationPlatforms) = preSolution
		Debug|Any CPU = Debug|Any CPU
		Release|Any CPU = Release|Any CPU
	EndGlobalSection
	GlobalSection(ProjectConfigurationPlatforms) = postSolution
		{A0782E27-F3A1-4A90-A52D-B5CA749AACDC}.Debug|Any CPU.ActiveCfg = Debug|Any CPU
		{A0782E27-F3A1-4A90-A52D-B5CA749AACDC}.Debug|Any CPU.Build.0 = Debug|Any CPU
		{A0782E27-F3A1-4A90-A52D-B5CA749AACDC}.Release|Any CPU.ActiveCfg = Release|Any CPU
		{A0782E27-F3A1-4A90-A52D-B5CA749AACDC}.Release|Any CPU.Build.0 = Release|Any CPU
	EndGlobalSection
	GlobalSection(SolutionProperties) = preSolution
		HideSolutionNode = FALSE
	EndGlobalSection
	GlobalSection(ExtensibilityGlobals) = postSolution
		SolutionGuid = {CFDCCA33-689D-4B23-BFFD-8C972F80C408}
	EndGlobalSection
EndGlobal
